
Microsoft Visual Studio Solution File, Format Version 12.00
# Visual Studio Version 16
VisualStudioVersion = 16.0.30804.86
MinimumVisualStudioVersion = 10.0.40219.1
Project("{FAE04EC0-301F-11D3-BF4B-00C04F79EFBC}") = "GameProjecttt", "GameProjecttt\GameProjecttt.csproj", "{814A7ACD-F221-4763-B114-5B900B6710C0}"
EndProject
Global
	GlobalSection(SolutionConfigurationPlatforms) = preSolution
		Debug|Any CPU = Debug|Any CPU
		Release|Any CPU = Release|Any CPU
	EndGlobalSection
	GlobalSection(ProjectConfigurationPlatforms) = postSolution
		{814A7ACD-F221-4763-B114-5B900B6710C0}.Debug|Any CPU.ActiveCfg = Debug|Any CPU
		{814A7ACD-F221-4763-B114-5B900B6710C0}.Debug|Any CPU.Build.0 = Debug|Any CPU
		{814A7ACD-F221-4763-B114-5B900B6710C0}.Release|Any CPU.ActiveCfg = Release|Any CPU
		{814A7ACD-F221-4763-B114-5B900B6710C0}.Release|Any CPU.Build.0 = Release|Any CPU
	EndGlobalSection
	GlobalSection(SolutionProperties) = preSolution
		HideSolutionNode = FALSE
	EndGlobalSection
	GlobalSection(ExtensibilityGlobals) = postSolution
		SolutionGuid = {045167BA-6D47-4B2F-ACE4-EA746C4B6A4C}
	EndGlobalSection
EndGlobal
